# THIS IS AN AUTOGENERATED FILE. DO NOT EDIT THIS FILE DIRECTLY.
# yarn lockfile v1


"@babel/helper-string-parser@^7.25.9":
  version "7.25.9"
  resolved "https://mirrors.huaweicloud.com/repository/npm/@babel/helper-string-parser/-/helper-string-parser-7.25.9.tgz"
  integrity sha512-4A/SCr/2KLd5jrtOMFzaKjVtAei3+2r/NChoBNoZ3EyP/+GlhoaEGoWOZUmFmoITP7zOJyHIMm+DYRd8o3PvHA==

"@babel/helper-validator-identifier@^7.25.9":
  version "7.25.9"
  resolved "https://mirrors.huaweicloud.com/repository/npm/@babel/helper-validator-identifier/-/helper-validator-identifier-7.25.9.tgz"
  integrity sha512-Ed61U6XJc3CVRfkERJWDz4dJwKe7iLmmJsbOGu9wSloNSFttHV0I8g6UAgb7qnK5ly5bGLPd4oXZlxCdANBOWQ==

"@babel/parser@^7.25.3":
  version "7.26.9"
  resolved "https://mirrors.huaweicloud.com/repository/npm/@babel/parser/-/parser-7.26.9.tgz"
  integrity sha512-81NWa1njQblgZbQHxWHpxxCzNsa3ZwvFqpUg7P+NNUU6f3UU2jBEg4OlF/J6rl8+PQGh1q6/zWScd001YwcA5A==
  dependencies:
    "@babel/types" "^7.26.9"

"@babel/types@^7.26.9":
  version "7.26.9"
  resolved "https://mirrors.huaweicloud.com/repository/npm/@babel/types/-/types-7.26.9.tgz"
  integrity sha512-Y3IR1cRnOxOCDvMmNiym7XpXQ93iGDDPHx+Zj+NM+rg0fBaShfQLkg+hKPaZCEvg5N/LeCo4+Rj/i3FuJsIQaw==
  dependencies:
    "@babel/helper-string-parser" "^7.25.9"
    "@babel/helper-validator-identifier" "^7.25.9"

"@esbuild/aix-ppc64@0.24.2":
  version "0.24.2"
  resolved "https://mirrors.huaweicloud.com/repository/npm/@esbuild/aix-ppc64/-/aix-ppc64-0.24.2.tgz#38848d3e25afe842a7943643cbcd387cc6e13461"
  integrity sha512-thpVCb/rhxE/BnMLQ7GReQLLN8q9qbHmI55F4489/ByVg2aQaQ6kbcLb6FHkocZzQhxc4gx0sCk0tJkKBFzDhA==

"@esbuild/android-arm64@0.24.2":
  version "0.24.2"
  resolved "https://mirrors.huaweicloud.com/repository/npm/@esbuild/android-arm64/-/android-arm64-0.24.2.tgz#f592957ae8b5643129fa889c79e69cd8669bb894"
  integrity sha512-cNLgeqCqV8WxfcTIOeL4OAtSmL8JjcN6m09XIgro1Wi7cF4t/THaWEa7eL5CMoMBdjoHOTh/vwTO/o2TRXIyzg==

"@esbuild/android-arm@0.24.2":
  version "0.24.2"
  resolved "https://mirrors.huaweicloud.com/repository/npm/@esbuild/android-arm/-/android-arm-0.24.2.tgz#72d8a2063aa630308af486a7e5cbcd1e134335b3"
  integrity sha512-tmwl4hJkCfNHwFB3nBa8z1Uy3ypZpxqxfTQOcHX+xRByyYgunVbZ9MzUUfb0RxaHIMnbHagwAxuTL+tnNM+1/Q==

"@esbuild/android-x64@0.24.2":
  version "0.24.2"
  resolved "https://mirrors.huaweicloud.com/repository/npm/@esbuild/android-x64/-/android-x64-0.24.2.tgz#9a7713504d5f04792f33be9c197a882b2d88febb"
  integrity sha512-B6Q0YQDqMx9D7rvIcsXfmJfvUYLoP722bgfBlO5cGvNVb5V/+Y7nhBE3mHV9OpxBf4eAS2S68KZztiPaWq4XYw==

"@esbuild/darwin-arm64@0.24.2":
  version "0.24.2"
  resolved "https://mirrors.huaweicloud.com/repository/npm/@esbuild/darwin-arm64/-/darwin-arm64-0.24.2.tgz"
  integrity sha512-kj3AnYWc+CekmZnS5IPu9D+HWtUI49hbnyqk0FLEJDbzCIQt7hg7ucF1SQAilhtYpIujfaHr6O0UHlzzSPdOeA==

"@esbuild/darwin-x64@0.24.2":
  version "0.24.2"
  resolved "https://mirrors.huaweicloud.com/repository/npm/@esbuild/darwin-x64/-/darwin-x64-0.24.2.tgz#9ec312bc29c60e1b6cecadc82bd504d8adaa19e9"
  integrity sha512-WeSrmwwHaPkNR5H3yYfowhZcbriGqooyu3zI/3GGpF8AyUdsrrP0X6KumITGA9WOyiJavnGZUwPGvxvwfWPHIA==

"@esbuild/freebsd-arm64@0.24.2":
  version "0.24.2"
  resolved "https://mirrors.huaweicloud.com/repository/npm/@esbuild/freebsd-arm64/-/freebsd-arm64-0.24.2.tgz#5e82f44cb4906d6aebf24497d6a068cfc152fa00"
  integrity sha512-UN8HXjtJ0k/Mj6a9+5u6+2eZ2ERD7Edt1Q9IZiB5UZAIdPnVKDoG7mdTVGhHJIeEml60JteamR3qhsr1r8gXvg==

"@esbuild/freebsd-x64@0.24.2":
  version "0.24.2"
  resolved "https://mirrors.huaweicloud.com/repository/npm/@esbuild/freebsd-x64/-/freebsd-x64-0.24.2.tgz#3fb1ce92f276168b75074b4e51aa0d8141ecce7f"
  integrity sha512-TvW7wE/89PYW+IevEJXZ5sF6gJRDY/14hyIGFXdIucxCsbRmLUcjseQu1SyTko+2idmCw94TgyaEZi9HUSOe3Q==

"@esbuild/linux-arm64@0.24.2":
  version "0.24.2"
  resolved "https://mirrors.huaweicloud.com/repository/npm/@esbuild/linux-arm64/-/linux-arm64-0.24.2.tgz#856b632d79eb80aec0864381efd29de8fd0b1f43"
  integrity sha512-7HnAD6074BW43YvvUmE/35Id9/NB7BeX5EoNkK9obndmZBUk8xmJJeU7DwmUeN7tkysslb2eSl6CTrYz6oEMQg==

"@esbuild/linux-arm@0.24.2":
  version "0.24.2"
  resolved "https://mirrors.huaweicloud.com/repository/npm/@esbuild/linux-arm/-/linux-arm-0.24.2.tgz#c846b4694dc5a75d1444f52257ccc5659021b736"
  integrity sha512-n0WRM/gWIdU29J57hJyUdIsk0WarGd6To0s+Y+LwvlC55wt+GT/OgkwoXCXvIue1i1sSNWblHEig00GBWiJgfA==

"@esbuild/linux-ia32@0.24.2":
  version "0.24.2"
  resolved "https://mirrors.huaweicloud.com/repository/npm/@esbuild/linux-ia32/-/linux-ia32-0.24.2.tgz#f8a16615a78826ccbb6566fab9a9606cfd4a37d5"
  integrity sha512-sfv0tGPQhcZOgTKO3oBE9xpHuUqguHvSo4jl+wjnKwFpapx+vUDcawbwPNuBIAYdRAvIDBfZVvXprIj3HA+Ugw==

"@esbuild/linux-loong64@0.24.2":
  version "0.24.2"
  resolved "https://mirrors.huaweicloud.com/repository/npm/@esbuild/linux-loong64/-/linux-loong64-0.24.2.tgz#1c451538c765bf14913512c76ed8a351e18b09fc"
  integrity sha512-CN9AZr8kEndGooS35ntToZLTQLHEjtVB5n7dl8ZcTZMonJ7CCfStrYhrzF97eAecqVbVJ7APOEe18RPI4KLhwQ==

"@esbuild/linux-mips64el@0.24.2":
  version "0.24.2"
  resolved "https://mirrors.huaweicloud.com/repository/npm/@esbuild/linux-mips64el/-/linux-mips64el-0.24.2.tgz#0846edeefbc3d8d50645c51869cc64401d9239cb"
  integrity sha512-iMkk7qr/wl3exJATwkISxI7kTcmHKE+BlymIAbHO8xanq/TjHaaVThFF6ipWzPHryoFsesNQJPE/3wFJw4+huw==

"@esbuild/linux-ppc64@0.24.2":
  version "0.24.2"
  resolved "https://mirrors.huaweicloud.com/repository/npm/@esbuild/linux-ppc64/-/linux-ppc64-0.24.2.tgz#8e3fc54505671d193337a36dfd4c1a23b8a41412"
  integrity sha512-shsVrgCZ57Vr2L8mm39kO5PPIb+843FStGt7sGGoqiiWYconSxwTiuswC1VJZLCjNiMLAMh34jg4VSEQb+iEbw==

"@esbuild/linux-riscv64@0.24.2":
  version "0.24.2"
  resolved "https://mirrors.huaweicloud.com/repository/npm/@esbuild/linux-riscv64/-/linux-riscv64-0.24.2.tgz#6a1e92096d5e68f7bb10a0d64bb5b6d1daf9a694"
  integrity sha512-4eSFWnU9Hhd68fW16GD0TINewo1L6dRrB+oLNNbYyMUAeOD2yCK5KXGK1GH4qD/kT+bTEXjsyTCiJGHPZ3eM9Q==

"@esbuild/linux-s390x@0.24.2":
  version "0.24.2"
  resolved "https://mirrors.huaweicloud.com/repository/npm/@esbuild/linux-s390x/-/linux-s390x-0.24.2.tgz#ab18e56e66f7a3c49cb97d337cd0a6fea28a8577"
  integrity sha512-S0Bh0A53b0YHL2XEXC20bHLuGMOhFDO6GN4b3YjRLK//Ep3ql3erpNcPlEFed93hsQAjAQDNsvcK+hV90FubSw==

"@esbuild/linux-x64@0.24.2":
  version "0.24.2"
  resolved "https://mirrors.huaweicloud.com/repository/npm/@esbuild/linux-x64/-/linux-x64-0.24.2.tgz#8140c9b40da634d380b0b29c837a0b4267aff38f"
  integrity sha512-8Qi4nQcCTbLnK9WoMjdC9NiTG6/E38RNICU6sUNqK0QFxCYgoARqVqxdFmWkdonVsvGqWhmm7MO0jyTqLqwj0Q==

"@esbuild/netbsd-arm64@0.24.2":
  version "0.24.2"
  resolved "https://mirrors.huaweicloud.com/repository/npm/@esbuild/netbsd-arm64/-/netbsd-arm64-0.24.2.tgz#65f19161432bafb3981f5f20a7ff45abb2e708e6"
  integrity sha512-wuLK/VztRRpMt9zyHSazyCVdCXlpHkKm34WUyinD2lzK07FAHTq0KQvZZlXikNWkDGoT6x3TD51jKQ7gMVpopw==

"@esbuild/netbsd-x64@0.24.2":
  version "0.24.2"
  resolved "https://mirrors.huaweicloud.com/repository/npm/@esbuild/netbsd-x64/-/netbsd-x64-0.24.2.tgz#7a3a97d77abfd11765a72f1c6f9b18f5396bcc40"
  integrity sha512-VefFaQUc4FMmJuAxmIHgUmfNiLXY438XrL4GDNV1Y1H/RW3qow68xTwjZKfj/+Plp9NANmzbH5R40Meudu8mmw==

"@esbuild/openbsd-arm64@0.24.2":
  version "0.24.2"
  resolved "https://mirrors.huaweicloud.com/repository/npm/@esbuild/openbsd-arm64/-/openbsd-arm64-0.24.2.tgz#58b00238dd8f123bfff68d3acc53a6ee369af89f"
  integrity sha512-YQbi46SBct6iKnszhSvdluqDmxCJA+Pu280Av9WICNwQmMxV7nLRHZfjQzwbPs3jeWnuAhE9Jy0NrnJ12Oz+0A==

"@esbuild/openbsd-x64@0.24.2":
  version "0.24.2"
  resolved "https://mirrors.huaweicloud.com/repository/npm/@esbuild/openbsd-x64/-/openbsd-x64-0.24.2.tgz#0ac843fda0feb85a93e288842936c21a00a8a205"
  integrity sha512-+iDS6zpNM6EnJyWv0bMGLWSWeXGN/HTaF/LXHXHwejGsVi+ooqDfMCCTerNFxEkM3wYVcExkeGXNqshc9iMaOA==

"@esbuild/sunos-x64@0.24.2":
  version "0.24.2"
  resolved "https://mirrors.huaweicloud.com/repository/npm/@esbuild/sunos-x64/-/sunos-x64-0.24.2.tgz#8b7aa895e07828d36c422a4404cc2ecf27fb15c6"
  integrity sha512-hTdsW27jcktEvpwNHJU4ZwWFGkz2zRJUz8pvddmXPtXDzVKTTINmlmga3ZzwcuMpUvLw7JkLy9QLKyGpD2Yxig==

"@esbuild/win32-arm64@0.24.2":
  version "0.24.2"
  resolved "https://mirrors.huaweicloud.com/repository/npm/@esbuild/win32-arm64/-/win32-arm64-0.24.2.tgz#c023afb647cabf0c3ed13f0eddfc4f1d61c66a85"
  integrity sha512-LihEQ2BBKVFLOC9ZItT9iFprsE9tqjDjnbulhHoFxYQtQfai7qfluVODIYxt1PgdoyQkz23+01rzwNwYfutxUQ==

"@esbuild/win32-ia32@0.24.2":
  version "0.24.2"
  resolved "https://mirrors.huaweicloud.com/repository/npm/@esbuild/win32-ia32/-/win32-ia32-0.24.2.tgz#96c356132d2dda990098c8b8b951209c3cd743c2"
  integrity sha512-q+iGUwfs8tncmFC9pcnD5IvRHAzmbwQ3GPS5/ceCyHdjXubwQWI12MKWSNSMYLJMq23/IUCvJMS76PDqXe1fxA==

"@esbuild/win32-x64@0.24.2":
  version "0.24.2"
  resolved "https://mirrors.huaweicloud.com/repository/npm/@esbuild/win32-x64/-/win32-x64-0.24.2.tgz#34aa0b52d0fbb1a654b596acfa595f0c7b77a77b"
  integrity sha512-7VTgWzgMGvup6aSqDPLiW5zHaxYJGTO4OokMjIlrCtf+VpEL+cXKtCvg723iguPYI5oaUNdS+/V7OU2gvXVWEg==

"@jridgewell/sourcemap-codec@^1.5.0":
  version "1.5.0"
  resolved "https://mirrors.huaweicloud.com/repository/npm/@jridgewell/sourcemap-codec/-/sourcemap-codec-1.5.0.tgz"
  integrity sha512-gv3ZRaISU3fjPAgNsriBRqGWQL6quFx04YMPW/zD8XMLsU32mhCCbfbO6KZFLjvYpCZ8zyDEgqsgf+PwPaM7GQ==

"@rollup/rollup-android-arm-eabi@4.34.8":
  version "4.34.8"
  resolved "https://mirrors.huaweicloud.com/repository/npm/@rollup/rollup-android-arm-eabi/-/rollup-android-arm-eabi-4.34.8.tgz#731df27dfdb77189547bcef96ada7bf166bbb2fb"
  integrity sha512-q217OSE8DTp8AFHuNHXo0Y86e1wtlfVrXiAlwkIvGRQv9zbc6mE3sjIVfwI8sYUyNxwOg0j/Vm1RKM04JcWLJw==

"@rollup/rollup-android-arm64@4.34.8":
  version "4.34.8"
  resolved "https://mirrors.huaweicloud.com/repository/npm/@rollup/rollup-android-arm64/-/rollup-android-arm64-4.34.8.tgz#4bea6db78e1f6927405df7fe0faf2f5095e01343"
  integrity sha512-Gigjz7mNWaOL9wCggvoK3jEIUUbGul656opstjaUSGC3eT0BM7PofdAJaBfPFWWkXNVAXbaQtC99OCg4sJv70Q==

"@rollup/rollup-darwin-arm64@4.34.8":
  version "4.34.8"
  resolved "https://mirrors.huaweicloud.com/repository/npm/@rollup/rollup-darwin-arm64/-/rollup-darwin-arm64-4.34.8.tgz"
  integrity sha512-02rVdZ5tgdUNRxIUrFdcMBZQoaPMrxtwSb+/hOfBdqkatYHR3lZ2A2EGyHq2sGOd0Owk80oV3snlDASC24He3Q==

"@rollup/rollup-darwin-x64@4.34.8":
  version "4.34.8"
  resolved "https://mirrors.huaweicloud.com/repository/npm/@rollup/rollup-darwin-x64/-/rollup-darwin-x64-4.34.8.tgz#c572c024b57ee8ddd1b0851703ace9eb6cc0dd82"
  integrity sha512-qIP/elwR/tq/dYRx3lgwK31jkZvMiD6qUtOycLhTzCvrjbZ3LjQnEM9rNhSGpbLXVJYQ3rq39A6Re0h9tU2ynw==

"@rollup/rollup-freebsd-arm64@4.34.8":
  version "4.34.8"
  resolved "https://mirrors.huaweicloud.com/repository/npm/@rollup/rollup-freebsd-arm64/-/rollup-freebsd-arm64-4.34.8.tgz#cf74f8113b5a83098a5c026c165742277cbfb88b"
  integrity sha512-IQNVXL9iY6NniYbTaOKdrlVP3XIqazBgJOVkddzJlqnCpRi/yAeSOa8PLcECFSQochzqApIOE1GHNu3pCz+BDA==

"@rollup/rollup-freebsd-x64@4.34.8":
  version "4.34.8"
  resolved "https://mirrors.huaweicloud.com/repository/npm/@rollup/rollup-freebsd-x64/-/rollup-freebsd-x64-4.34.8.tgz#39561f3a2f201a4ad6a01425b1ff5928154ecd7c"
  integrity sha512-TYXcHghgnCqYFiE3FT5QwXtOZqDj5GmaFNTNt3jNC+vh22dc/ukG2cG+pi75QO4kACohZzidsq7yKTKwq/Jq7Q==

"@rollup/rollup-linux-arm-gnueabihf@4.34.8":
  version "4.34.8"
  resolved "https://mirrors.huaweicloud.com/repository/npm/@rollup/rollup-linux-arm-gnueabihf/-/rollup-linux-arm-gnueabihf-4.34.8.tgz#980d6061e373bfdaeb67925c46d2f8f9b3de537f"
  integrity sha512-A4iphFGNkWRd+5m3VIGuqHnG3MVnqKe7Al57u9mwgbyZ2/xF9Jio72MaY7xxh+Y87VAHmGQr73qoKL9HPbXj1g==

"@rollup/rollup-linux-arm-musleabihf@4.34.8":
  version "4.34.8"
  resolved "https://mirrors.huaweicloud.com/repository/npm/@rollup/rollup-linux-arm-musleabihf/-/rollup-linux-arm-musleabihf-4.34.8.tgz#f91a90f30dc00d5a64ac2d9bbedc829cd3cfaa78"
  integrity sha512-S0lqKLfTm5u+QTxlFiAnb2J/2dgQqRy/XvziPtDd1rKZFXHTyYLoVL58M/XFwDI01AQCDIevGLbQrMAtdyanpA==

"@rollup/rollup-linux-arm64-gnu@4.34.8":
  version "4.34.8"
  resolved "https://mirrors.huaweicloud.com/repository/npm/@rollup/rollup-linux-arm64-gnu/-/rollup-linux-arm64-gnu-4.34.8.tgz#fac700fa5c38bc13a0d5d34463133093da4c92a0"
  integrity sha512-jpz9YOuPiSkL4G4pqKrus0pn9aYwpImGkosRKwNi+sJSkz+WU3anZe6hi73StLOQdfXYXC7hUfsQlTnjMd3s1A==

"@rollup/rollup-linux-arm64-musl@4.34.8":
  version "4.34.8"
  resolved "https://mirrors.huaweicloud.com/repository/npm/@rollup/rollup-linux-arm64-musl/-/rollup-linux-arm64-musl-4.34.8.tgz#f50ecccf8c78841ff6df1706bc4782d7f62bf9c3"
  integrity sha512-KdSfaROOUJXgTVxJNAZ3KwkRc5nggDk+06P6lgi1HLv1hskgvxHUKZ4xtwHkVYJ1Rep4GNo+uEfycCRRxht7+Q==

"@rollup/rollup-linux-loongarch64-gnu@4.34.8":
  version "4.34.8"
  resolved "https://mirrors.huaweicloud.com/repository/npm/@rollup/rollup-linux-loongarch64-gnu/-/rollup-linux-loongarch64-gnu-4.34.8.tgz#5869dc0b28242da6553e2b52af41374f4038cd6e"
  integrity sha512-NyF4gcxwkMFRjgXBM6g2lkT58OWztZvw5KkV2K0qqSnUEqCVcqdh2jN4gQrTn/YUpAcNKyFHfoOZEer9nwo6uQ==

"@rollup/rollup-linux-powerpc64le-gnu@4.34.8":
  version "4.34.8"
  resolved "https://mirrors.huaweicloud.com/repository/npm/@rollup/rollup-linux-powerpc64le-gnu/-/rollup-linux-powerpc64le-gnu-4.34.8.tgz#5cdd9f851ce1bea33d6844a69f9574de335f20b1"
  integrity sha512-LMJc999GkhGvktHU85zNTDImZVUCJ1z/MbAJTnviiWmmjyckP5aQsHtcujMjpNdMZPT2rQEDBlJfubhs3jsMfw==

"@rollup/rollup-linux-riscv64-gnu@4.34.8":
  version "4.34.8"
  resolved "https://mirrors.huaweicloud.com/repository/npm/@rollup/rollup-linux-riscv64-gnu/-/rollup-linux-riscv64-gnu-4.34.8.tgz#ef5dc37f4388f5253f0def43e1440ec012af204d"
  integrity sha512-xAQCAHPj8nJq1PI3z8CIZzXuXCstquz7cIOL73HHdXiRcKk8Ywwqtx2wrIy23EcTn4aZ2fLJNBB8d0tQENPCmw==

"@rollup/rollup-linux-s390x-gnu@4.34.8":
  version "4.34.8"
  resolved "https://mirrors.huaweicloud.com/repository/npm/@rollup/rollup-linux-s390x-gnu/-/rollup-linux-s390x-gnu-4.34.8.tgz#7dbc3ccbcbcfb3e65be74538dfb6e8dd16178fde"
  integrity sha512-DdePVk1NDEuc3fOe3dPPTb+rjMtuFw89gw6gVWxQFAuEqqSdDKnrwzZHrUYdac7A7dXl9Q2Vflxpme15gUWQFA==

"@rollup/rollup-linux-x64-gnu@4.34.8":
  version "4.34.8"
  resolved "https://mirrors.huaweicloud.com/repository/npm/@rollup/rollup-linux-x64-gnu/-/rollup-linux-x64-gnu-4.34.8.tgz#5783fc0adcab7dc069692056e8ca8d83709855ce"
  integrity sha512-8y7ED8gjxITUltTUEJLQdgpbPh1sUQ0kMTmufRF/Ns5tI9TNMNlhWtmPKKHCU0SilX+3MJkZ0zERYYGIVBYHIA==

"@rollup/rollup-linux-x64-musl@4.34.8":
  version "4.34.8"
  resolved "https://mirrors.huaweicloud.com/repository/npm/@rollup/rollup-linux-x64-musl/-/rollup-linux-x64-musl-4.34.8.tgz#00b6c29b298197a384e3c659910b47943003a678"
  integrity sha512-SCXcP0ZpGFIe7Ge+McxY5zKxiEI5ra+GT3QRxL0pMMtxPfpyLAKleZODi1zdRHkz5/BhueUrYtYVgubqe9JBNQ==

"@rollup/rollup-win32-arm64-msvc@4.34.8":
  version "4.34.8"
  resolved "https://mirrors.huaweicloud.com/repository/npm/@rollup/rollup-win32-arm64-msvc/-/rollup-win32-arm64-msvc-4.34.8.tgz#cbfee01f1fe73791c35191a05397838520ca3cdd"
  integrity sha512-YHYsgzZgFJzTRbth4h7Or0m5O74Yda+hLin0irAIobkLQFRQd1qWmnoVfwmKm9TXIZVAD0nZ+GEb2ICicLyCnQ==

"@rollup/rollup-win32-ia32-msvc@4.34.8":
  version "4.34.8"
  resolved "https://mirrors.huaweicloud.com/repository/npm/@rollup/rollup-win32-ia32-msvc/-/rollup-win32-ia32-msvc-4.34.8.tgz#95cdbdff48fe6c948abcf6a1d500b2bd5ce33f62"
  integrity sha512-r3NRQrXkHr4uWy5TOjTpTYojR9XmF0j/RYgKCef+Ag46FWUTltm5ziticv8LdNsDMehjJ543x/+TJAek/xBA2w==

"@rollup/rollup-win32-x64-msvc@4.34.8":
  version "4.34.8"
  resolved "https://mirrors.huaweicloud.com/repository/npm/@rollup/rollup-win32-x64-msvc/-/rollup-win32-x64-msvc-4.34.8.tgz#4cdb2cfae69cdb7b1a3cc58778e820408075e928"
  integrity sha512-U0FaE5O1BCpZSeE6gBl3c5ObhePQSfk9vDRToMmTkbhCOgW4jqvtS5LGyQ76L1fH8sM0keRp4uDTsbjiUyjk0g==

"@types/estree@1.0.6":
  version "1.0.6"
  resolved "https://mirrors.huaweicloud.com/repository/npm/@types/estree/-/estree-1.0.6.tgz"
  integrity sha512-AYnb1nQyY49te+VRAVgmzfcgjYS91mY5P0TKUDCLEM+gNnA+3T6rWITXRLYCpahpqSQbN5cE+gHpnPyXjHWxcw==

"@types/node@^22.13.4":
  version "22.13.4"
  resolved "https://mirrors.huaweicloud.com/repository/npm/@types/node/-/node-22.13.4.tgz"
  integrity sha512-ywP2X0DYtX3y08eFVx5fNIw7/uIv8hYUKgXoK8oayJlLnKcRfEYCxWMVE1XagUdVtCJlZT1AU4LXEABW+L1Peg==
  dependencies:
    undici-types "~6.20.0"

"@vitejs/plugin-vue@^5.2.1":
  version "5.2.1"
  resolved "https://mirrors.huaweicloud.com/repository/npm/@vitejs/plugin-vue/-/plugin-vue-5.2.1.tgz"
  integrity sha512-cxh314tzaWwOLqVes2gnnCtvBDcM1UMdn+iFR+UjAn411dPT3tOmqrJjbMd7koZpMAmBM/GqeV4n9ge7JSiJJQ==

"@volar/language-core@2.4.11", "@volar/language-core@~2.4.11":
  version "2.4.11"
  resolved "https://mirrors.huaweicloud.com/repository/npm/@volar/language-core/-/language-core-2.4.11.tgz"
  integrity sha512-lN2C1+ByfW9/JRPpqScuZt/4OrUUse57GLI6TbLgTIqBVemdl1wNcZ1qYGEo2+Gw8coYLgCy7SuKqn6IrQcQgg==
  dependencies:
    "@volar/source-map" "2.4.11"

"@volar/source-map@2.4.11":
  version "2.4.11"
  resolved "https://mirrors.huaweicloud.com/repository/npm/@volar/source-map/-/source-map-2.4.11.tgz"
  integrity sha512-ZQpmafIGvaZMn/8iuvCFGrW3smeqkq/IIh9F1SdSx9aUl0J4Iurzd6/FhmjNO5g2ejF3rT45dKskgXWiofqlZQ==

"@volar/typescript@~2.4.11":
  version "2.4.11"
  resolved "https://mirrors.huaweicloud.com/repository/npm/@volar/typescript/-/typescript-2.4.11.tgz"
  integrity sha512-2DT+Tdh88Spp5PyPbqhyoYavYCPDsqbHLFwcUI9K1NlY1YgUJvujGdrqUp0zWxnW7KWNTr3xSpMuv2WnaTKDAw==
  dependencies:
    "@volar/language-core" "2.4.11"
    path-browserify "^1.0.1"
    vscode-uri "^3.0.8"

"@vue/compiler-core@3.5.13":
  version "3.5.13"
  resolved "https://mirrors.huaweicloud.com/repository/npm/@vue/compiler-core/-/compiler-core-3.5.13.tgz"
  integrity sha512-oOdAkwqUfW1WqpwSYJce06wvt6HljgY3fGeM9NcVA1HaYOij3mZG9Rkysn0OHuyUAGMbEbARIpsG+LPVlBJ5/Q==
  dependencies:
    "@babel/parser" "^7.25.3"
    "@vue/shared" "3.5.13"
    entities "^4.5.0"
    estree-walker "^2.0.2"
    source-map-js "^1.2.0"

"@vue/compiler-dom@3.5.13", "@vue/compiler-dom@^3.5.0":
  version "3.5.13"
  resolved "https://mirrors.huaweicloud.com/repository/npm/@vue/compiler-dom/-/compiler-dom-3.5.13.tgz"
  integrity sha512-ZOJ46sMOKUjO3e94wPdCzQ6P1Lx/vhp2RSvfaab88Ajexs0AHeV0uasYhi99WPaogmBlRHNRuly8xV75cNTMDA==
  dependencies:
    "@vue/compiler-core" "3.5.13"
    "@vue/shared" "3.5.13"

"@vue/compiler-sfc@3.5.13":
  version "3.5.13"
  resolved "https://mirrors.huaweicloud.com/repository/npm/@vue/compiler-sfc/-/compiler-sfc-3.5.13.tgz"
  integrity sha512-6VdaljMpD82w6c2749Zhf5T9u5uLBWKnVue6XWxprDobftnletJ8+oel7sexFfM3qIxNmVE7LSFGTpv6obNyaQ==
  dependencies:
    "@babel/parser" "^7.25.3"
    "@vue/compiler-core" "3.5.13"
    "@vue/compiler-dom" "3.5.13"
    "@vue/compiler-ssr" "3.5.13"
    "@vue/shared" "3.5.13"
    estree-walker "^2.0.2"
    magic-string "^0.30.11"
    postcss "^8.4.48"
    source-map-js "^1.2.0"

"@vue/compiler-ssr@3.5.13":
  version "3.5.13"
  resolved "https://mirrors.huaweicloud.com/repository/npm/@vue/compiler-ssr/-/compiler-ssr-3.5.13.tgz"
  integrity sha512-wMH6vrYHxQl/IybKJagqbquvxpWCuVYpoUJfCqFZwa/JY1GdATAQ+TgVtgrwwMZ0D07QhA99rs/EAAWfvG6KpA==
  dependencies:
    "@vue/compiler-dom" "3.5.13"
    "@vue/shared" "3.5.13"

"@vue/compiler-vue2@^2.7.16":
  version "2.7.16"
  resolved "https://mirrors.huaweicloud.com/repository/npm/@vue/compiler-vue2/-/compiler-vue2-2.7.16.tgz"
  integrity sha512-qYC3Psj9S/mfu9uVi5WvNZIzq+xnXMhOwbTFKKDD7b1lhpnn71jXSFdTQ+WsIEk0ONCd7VV2IMm7ONl6tbQ86A==
  dependencies:
    de-indent "^1.0.2"
    he "^1.2.0"

"@vue/devtools-api@^6.6.4":
  version "6.6.4"
  resolved "https://mirrors.huaweicloud.com/repository/npm/@vue/devtools-api/-/devtools-api-6.6.4.tgz"
  integrity sha512-sGhTPMuXqZ1rVOk32RylztWkfXTRhuS7vgAKv0zjqk8gbsHkJ7xfFf+jbySxt7tWObEJwyKaHMikV/WGDiQm8g==

"@vue/language-core@2.2.2":
  version "2.2.2"
  resolved "https://mirrors.huaweicloud.com/repository/npm/@vue/language-core/-/language-core-2.2.2.tgz"
  integrity sha512-QotO41kurE5PLf3vrNgGTk3QswO2PdUFjBwNiOi7zMmGhwb25PSTh9hD1MCgKC06AVv+8sZQvlL3Do4TTVHSiQ==
  dependencies:
    "@volar/language-core" "~2.4.11"
    "@vue/compiler-dom" "^3.5.0"
    "@vue/compiler-vue2" "^2.7.16"
    "@vue/shared" "^3.5.0"
    alien-signals "^1.0.3"
    minimatch "^9.0.3"
    muggle-string "^0.4.1"
    path-browserify "^1.0.1"

"@vue/reactivity@3.5.13":
  version "3.5.13"
  resolved "https://mirrors.huaweicloud.com/repository/npm/@vue/reactivity/-/reactivity-3.5.13.tgz"
  integrity sha512-NaCwtw8o48B9I6L1zl2p41OHo/2Z4wqYGGIK1Khu5T7yxrn+ATOixn/Udn2m+6kZKB/J7cuT9DbWWhRxqixACg==
  dependencies:
    "@vue/shared" "3.5.13"

"@vue/runtime-core@3.5.13":
  version "3.5.13"
  resolved "https://mirrors.huaweicloud.com/repository/npm/@vue/runtime-core/-/runtime-core-3.5.13.tgz"
  integrity sha512-Fj4YRQ3Az0WTZw1sFe+QDb0aXCerigEpw418pw1HBUKFtnQHWzwojaukAs2X/c9DQz4MQ4bsXTGlcpGxU/RCIw==
  dependencies:
    "@vue/reactivity" "3.5.13"
    "@vue/shared" "3.5.13"

"@vue/runtime-dom@3.5.13":
  version "3.5.13"
  resolved "https://mirrors.huaweicloud.com/repository/npm/@vue/runtime-dom/-/runtime-dom-3.5.13.tgz"
  integrity sha512-dLaj94s93NYLqjLiyFzVs9X6dWhTdAlEAciC3Moq7gzAc13VJUdCnjjRurNM6uTLFATRHexHCTu/Xp3eW6yoog==
  dependencies:
    "@vue/reactivity" "3.5.13"
    "@vue/runtime-core" "3.5.13"
    "@vue/shared" "3.5.13"
    csstype "^3.1.3"

"@vue/server-renderer@3.5.13":
  version "3.5.13"
  resolved "https://mirrors.huaweicloud.com/repository/npm/@vue/server-renderer/-/server-renderer-3.5.13.tgz"
  integrity sha512-wAi4IRJV/2SAW3htkTlB+dHeRmpTiVIK1OGLWV1yeStVSebSQQOwGwIq0D3ZIoBj2C2qpgz5+vX9iEBkTdk5YA==
  dependencies:
    "@vue/compiler-ssr" "3.5.13"
    "@vue/shared" "3.5.13"

"@vue/shared@3.5.13", "@vue/shared@^3.5.0":
  version "3.5.13"
  resolved "https://mirrors.huaweicloud.com/repository/npm/@vue/shared/-/shared-3.5.13.tgz"
  integrity sha512-/hnE/qP5ZoGpol0a5mDi45bOd7t3tjYJBjsgCsivow7D48cJeV5l05RD82lPqi7gRiphZM37rnhW1l6ZoCNNnQ==

"@vue/tsconfig@^0.7.0":
  version "0.7.0"
  resolved "https://mirrors.huaweicloud.com/repository/npm/@vue/tsconfig/-/tsconfig-0.7.0.tgz"
  integrity sha512-ku2uNz5MaZ9IerPPUyOHzyjhXoX2kVJaVf7hL315DC17vS6IiZRmmCPfggNbU16QTvM80+uYYy3eYJB59WCtvg==

alien-signals@^1.0.3:
  version "1.0.3"
  resolved "https://mirrors.huaweicloud.com/repository/npm/alien-signals/-/alien-signals-1.0.3.tgz"
  integrity sha512-zQOh3wAYK5ujENxvBBR3CFGF/b6afaSzZ/c9yNhJ1ENrGHETvpUuKQsa93Qrclp0+PzTF93MaZ7scVp1uUozhA==

balanced-match@^1.0.0:
  version "1.0.2"
  resolved "https://mirrors.huaweicloud.com/repository/npm/balanced-match/-/balanced-match-1.0.2.tgz"
  integrity sha512-3oSeUO0TMV67hN1AmbXsK4yaqU7tjiHlbxRDZOpH0KW9+CeX4bRAaX0Anxt0tx2MrpRpWwQaPwIlISEJhYU5Pw==

brace-expansion@^2.0.1:
  version "2.0.1"
  resolved "https://mirrors.huaweicloud.com/repository/npm/brace-expansion/-/brace-expansion-2.0.1.tgz"
  integrity sha512-XnAIvQ8eM+kC6aULx6wuQiwVsnzsi9d3WxzV3FpWTGA19F621kwdbsAcFKXgKUHZWsy+mY6iL1sHTxWEFCytDA==
  dependencies:
    balanced-match "^1.0.0"

copy-anything@^2.0.1:
  version "2.0.6"
  resolved "https://mirrors.huaweicloud.com/repository/npm/copy-anything/-/copy-anything-2.0.6.tgz#092454ea9584a7b7ad5573062b2a87f5900fc480"
  integrity sha512-1j20GZTsvKNkc4BY3NpMOM8tt///wY3FpIzozTOFO2ffuZcV61nojHXVKIy3WM+7ADCy5FVhdZYHYDdgTU0yJw==
  dependencies:
    is-what "^3.14.1"

csstype@^3.1.3:
  version "3.1.3"
  resolved "https://mirrors.huaweicloud.com/repository/npm/csstype/-/csstype-3.1.3.tgz"
  integrity sha512-M1uQkMl8rQK/szD0LNhtqxIPLpimGm8sOBwU7lLnCpSbTyY3yeU1Vc7l4KT5zT4s/yOxHH5O7tIuuLOCnLADRw==

de-indent@^1.0.2:
  version "1.0.2"
  resolved "https://mirrors.huaweicloud.com/repository/npm/de-indent/-/de-indent-1.0.2.tgz"
  integrity sha512-e/1zu3xH5MQryN2zdVaF0OrdNLUbvWxzMbi+iNA6Bky7l1RoP8a2fIbRocyHclXt/arDrrR6lL3TqFD9pMQTsg==

entities@^4.5.0:
  version "4.5.0"
  resolved "https://mirrors.huaweicloud.com/repository/npm/entities/-/entities-4.5.0.tgz"
  integrity sha512-V0hjH4dGPh9Ao5p0MoRY6BVqtwCjhz6vI5LT8AJ55H+4g9/4vbHx1I54fS0XuclLhDHArPQCiMjDxjaL8fPxhw==

errno@^0.1.1:
  version "0.1.8"
  resolved "https://mirrors.huaweicloud.com/repository/npm/errno/-/errno-0.1.8.tgz#8bb3e9c7d463be4976ff888f76b4809ebc2e811f"
  integrity sha512-dJ6oBr5SQ1VSd9qkk7ByRgb/1SH4JZjCHSW/mr63/QcXO9zLVxvJ6Oy13nio03rxpSnVDDjFor75SjVeZWPW/A==
  dependencies:
    prr "~1.0.1"

esbuild@^0.24.2:
  version "0.24.2"
  resolved "https://mirrors.huaweicloud.com/repository/npm/esbuild/-/esbuild-0.24.2.tgz"
  integrity sha512-+9egpBW8I3CD5XPe0n6BfT5fxLzxrlDzqydF3aviG+9ni1lDC/OvMHcxqEFV0+LANZG5R1bFMWfUrjVsdwxJvA==
  optionalDependencies:
    "@esbuild/aix-ppc64" "0.24.2"
    "@esbuild/android-arm" "0.24.2"
    "@esbuild/android-arm64" "0.24.2"
    "@esbuild/android-x64" "0.24.2"
    "@esbuild/darwin-arm64" "0.24.2"
    "@esbuild/darwin-x64" "0.24.2"
    "@esbuild/freebsd-arm64" "0.24.2"
    "@esbuild/freebsd-x64" "0.24.2"
    "@esbuild/linux-arm" "0.24.2"
    "@esbuild/linux-arm64" "0.24.2"
    "@esbuild/linux-ia32" "0.24.2"
    "@esbuild/linux-loong64" "0.24.2"
    "@esbuild/linux-mips64el" "0.24.2"
    "@esbuild/linux-ppc64" "0.24.2"
    "@esbuild/linux-riscv64" "0.24.2"
    "@esbuild/linux-s390x" "0.24.2"
    "@esbuild/linux-x64" "0.24.2"
    "@esbuild/netbsd-arm64" "0.24.2"
    "@esbuild/netbsd-x64" "0.24.2"
    "@esbuild/openbsd-arm64" "0.24.2"
    "@esbuild/openbsd-x64" "0.24.2"
    "@esbuild/sunos-x64" "0.24.2"
    "@esbuild/win32-arm64" "0.24.2"
    "@esbuild/win32-ia32" "0.24.2"
    "@esbuild/win32-x64" "0.24.2"

estree-walker@^2.0.2:
  version "2.0.2"
  resolved "https://mirrors.huaweicloud.com/repository/npm/estree-walker/-/estree-walker-2.0.2.tgz"
  integrity sha512-Rfkk/Mp/DL7JVje3u18FxFujQlTNR2q6QfMSMB7AvCBx91NGj/ba3kCfza0f6dVDbw7YlRf/nDrn7pQrCCyQ/w==

fsevents@~2.3.2, fsevents@~2.3.3:
  version "2.3.3"
  resolved "https://mirrors.huaweicloud.com/repository/npm/fsevents/-/fsevents-2.3.3.tgz"
  integrity sha512-5xoDfX+fL7faATnagmWPpbFtwh/R77WmMMqqHGS65C3vvB0YHrgF+B1YmZ3441tMj5n63k0212XNoJwzlhffQw==

graceful-fs@^4.1.2:
  version "4.2.11"
  resolved "https://mirrors.huaweicloud.com/repository/npm/graceful-fs/-/graceful-fs-4.2.11.tgz#4183e4e8bf08bb6e05bbb2f7d2e0c8f712ca40e3"
  integrity sha512-RbJ5/jmFcNNCcDV5o9eTnBLJ/HszWV0P73bc+Ff4nS/rJj+YaS6IGyiOL0VoBYX+l1Wrl3k63h/KrH+nhJ0XvQ==

he@^1.2.0:
  version "1.2.0"
  resolved "https://mirrors.huaweicloud.com/repository/npm/he/-/he-1.2.0.tgz"
  integrity sha512-F/1DnUGPopORZi0ni+CvrCgHQ5FyEAHRLSApuYWMmrbSwoN2Mn/7k+Gl38gJnR7yyDZk6WLXwiGod1JOWNDKGw==

iconv-lite@^0.6.3:
  version "0.6.3"
  resolved "https://mirrors.huaweicloud.com/repository/npm/iconv-lite/-/iconv-lite-0.6.3.tgz#a52f80bf38da1952eb5c681790719871a1a72501"
  integrity sha512-4fCk79wshMdzMp2rH06qWrJE4iolqLhCUH+OiuIgU++RB0+94NlDL81atO7GX55uUKueo0txHNtvEyI6D7WdMw==
  dependencies:
    safer-buffer ">= 2.1.2 < 3.0.0"

image-size@~0.5.0:
  version "0.5.5"
  resolved "https://mirrors.huaweicloud.com/repository/npm/image-size/-/image-size-0.5.5.tgz#09dfd4ab9d20e29eb1c3e80b8990378df9e3cb9c"
  integrity sha512-6TDAlDPZxUFCv+fuOkIoXT/V/f3Qbq8e37p+YOiYrUv3v9cc3/6x78VdfPgFVaB9dZYeLUfKgHRebpkm/oP2VQ==

is-what@^3.14.1:
  version "3.14.1"
  resolved "https://mirrors.huaweicloud.com/repository/npm/is-what/-/is-what-3.14.1.tgz#e1222f46ddda85dead0fd1c9df131760e77755c1"
  integrity sha512-sNxgpk9793nzSs7bA6JQJGeIuRBQhAaNGG77kzYQgMkrID+lS6SlK07K5LaptscDlSaIgH+GPFzf+d75FVxozA==

less@^4.2.2:
  version "4.2.2"
  resolved "https://mirrors.huaweicloud.com/repository/npm/less/-/less-4.2.2.tgz#4b59ede113933b58ab152190edf9180fc36846d8"
  integrity sha512-tkuLHQlvWUTeQ3doAqnHbNn8T6WX1KA8yvbKG9x4VtKtIjHsVKQZCH11zRgAfbDAXC2UNIg/K9BYAAcEzUIrNg==
  dependencies:
    copy-anything "^2.0.1"
    parse-node-version "^1.0.1"
    tslib "^2.3.0"
  optionalDependencies:
    errno "^0.1.1"
    graceful-fs "^4.1.2"
    image-size "~0.5.0"
    make-dir "^2.1.0"
    mime "^1.4.1"
    needle "^3.1.0"
    source-map "~0.6.0"

magic-string@^0.30.11:
  version "0.30.17"
  resolved "https://mirrors.huaweicloud.com/repository/npm/magic-string/-/magic-string-0.30.17.tgz"
  integrity sha512-sNPKHvyjVf7gyjwS4xGTaW/mCnF8wnjtifKBEhxfZ7E/S8tQ0rssrwGNn6q8JH/ohItJfSQp9mBtQYuTlH5QnA==
  dependencies:
    "@jridgewell/sourcemap-codec" "^1.5.0"

make-dir@^2.1.0:
  version "2.1.0"
  resolved "https://mirrors.huaweicloud.com/repository/npm/make-dir/-/make-dir-2.1.0.tgz#5f0310e18b8be898cc07009295a30ae41e91e6f5"
  integrity sha512-LS9X+dc8KLxXCb8dni79fLIIUA5VyZoyjSMCwTluaXA0o27cCK0bhXkpgw+sTXVpPy/lSO57ilRixqk0vDmtRA==
  dependencies:
    pify "^4.0.1"
    semver "^5.6.0"

mime@^1.4.1:
  version "1.6.0"
  resolved "https://mirrors.huaweicloud.com/repository/npm/mime/-/mime-1.6.0.tgz#32cd9e5c64553bd58d19a568af452acff04981b1"
  integrity sha512-x0Vn8spI+wuJ1O6S7gnbaQg8Pxh4NNHb7KSINmEWKiPE4RKOplvijn+NkmYmmRgP68mc70j2EbeTFRsrswaQeg==

minimatch@^9.0.3:
  version "9.0.5"
  resolved "https://mirrors.huaweicloud.com/repository/npm/minimatch/-/minimatch-9.0.5.tgz"
  integrity sha512-G6T0ZX48xgozx7587koeX9Ys2NYy6Gmv//P89sEte9V9whIapMNF4idKxnW2QtCcLiTWlb/wfCabAtAFWhhBow==
  dependencies:
    brace-expansion "^2.0.1"

muggle-string@^0.4.1:
  version "0.4.1"
  resolved "https://mirrors.huaweicloud.com/repository/npm/muggle-string/-/muggle-string-0.4.1.tgz"
  integrity sha512-VNTrAak/KhO2i8dqqnqnAHOa3cYBwXEZe9h+D5h/1ZqFSTEFHdM65lR7RoIqq3tBBYavsOXV84NoHXZ0AkPyqQ==

nanoid@^3.3.8:
  version "3.3.8"
  resolved "https://mirrors.huaweicloud.com/repository/npm/nanoid/-/nanoid-3.3.8.tgz"
  integrity sha512-WNLf5Sd8oZxOm+TzppcYk8gVOgP+l58xNy58D0nbUnOxOWRWvlcCV4kUF7ltmI6PsrLl/BgKEyS4mqsGChFN0w==

needle@^3.1.0:
  version "3.3.1"
  resolved "https://mirrors.huaweicloud.com/repository/npm/needle/-/needle-3.3.1.tgz#63f75aec580c2e77e209f3f324e2cdf3d29bd049"
  integrity sha512-6k0YULvhpw+RoLNiQCRKOl09Rv1dPLr8hHnVjHqdolKwDrdNyk+Hmrthi4lIGPPz3r39dLx0hsF5s40sZ3Us4Q==
  dependencies:
    iconv-lite "^0.6.3"
    sax "^1.2.4"

parse-node-version@^1.0.1:
  version "1.0.1"
  resolved "https://mirrors.huaweicloud.com/repository/npm/parse-node-version/-/parse-node-version-1.0.1.tgz#e2b5dbede00e7fa9bc363607f53327e8b073189b"
  integrity sha512-3YHlOa/JgH6Mnpr05jP9eDG254US9ek25LyIxZlDItp2iJtwyaXQb57lBYLdT3MowkUFYEV2XXNAYIPlESvJlA==

path-browserify@^1.0.1:
  version "1.0.1"
  resolved "https://mirrors.huaweicloud.com/repository/npm/path-browserify/-/path-browserify-1.0.1.tgz"
  integrity sha512-b7uo2UCUOYZcnF/3ID0lulOJi/bafxa1xPe7ZPsammBSpjSWQkjNxlt635YGS2MiR9GjvuXCtz2emr3jbsz98g==

picocolors@^1.1.1:
  version "1.1.1"
  resolved "https://mirrors.huaweicloud.com/repository/npm/picocolors/-/picocolors-1.1.1.tgz"
  integrity sha512-xceH2snhtb5M9liqDsmEw56le376mTZkEX/jEb/RxNFyegNul7eNslCXP9FDj/Lcu0X8KEyMceP2ntpaHrDEVA==

pify@^4.0.1:
  version "4.0.1"
  resolved "https://mirrors.huaweicloud.com/repository/npm/pify/-/pify-4.0.1.tgz#4b2cd25c50d598735c50292224fd8c6df41e3231"
  integrity sha512-uB80kBFb/tfd68bVleG9T5GGsGPjJrLAUpR5PZIrhBnIaRTQRjqdJSsIKkOP6OAIFbj7GOrcudc5pNjZ+geV2g==

postcss@^8.4.48, postcss@^8.5.1:
  version "8.5.2"
  resolved "https://mirrors.huaweicloud.com/repository/npm/postcss/-/postcss-8.5.2.tgz"
  integrity sha512-MjOadfU3Ys9KYoX0AdkBlFEF1Vx37uCCeN4ZHnmwm9FfpbsGWMZeBLMmmpY+6Ocqod7mkdZ0DT31OlbsFrLlkA==
  dependencies:
    nanoid "^3.3.8"
    picocolors "^1.1.1"
    source-map-js "^1.2.1"

prr@~1.0.1:
  version "1.0.1"
  resolved "https://mirrors.huaweicloud.com/repository/npm/prr/-/prr-1.0.1.tgz#d3fc114ba06995a45ec6893f484ceb1d78f5f476"
  integrity sha512-yPw4Sng1gWghHQWj0B3ZggWUm4qVbPwPFcRG8KyxiU7J2OHFSoEHKS+EZ3fv5l1t9CyCiop6l/ZYeWbrgoQejw==

rollup@^4.30.1:
  version "4.34.8"
  resolved "https://mirrors.huaweicloud.com/repository/npm/rollup/-/rollup-4.34.8.tgz"
  integrity sha512-489gTVMzAYdiZHFVA/ig/iYFllCcWFHMvUHI1rpFmkoUtRlQxqh6/yiNqnYibjMZ2b/+FUQwldG+aLsEt6bglQ==
  dependencies:
    "@types/estree" "1.0.6"
  optionalDependencies:
    "@rollup/rollup-android-arm-eabi" "4.34.8"
    "@rollup/rollup-android-arm64" "4.34.8"
    "@rollup/rollup-darwin-arm64" "4.34.8"
    "@rollup/rollup-darwin-x64" "4.34.8"
    "@rollup/rollup-freebsd-arm64" "4.34.8"
    "@rollup/rollup-freebsd-x64" "4.34.8"
    "@rollup/rollup-linux-arm-gnueabihf" "4.34.8"
    "@rollup/rollup-linux-arm-musleabihf" "4.34.8"
    "@rollup/rollup-linux-arm64-gnu" "4.34.8"
    "@rollup/rollup-linux-arm64-musl" "4.34.8"
    "@rollup/rollup-linux-loongarch64-gnu" "4.34.8"
    "@rollup/rollup-linux-powerpc64le-gnu" "4.34.8"
    "@rollup/rollup-linux-riscv64-gnu" "4.34.8"
    "@rollup/rollup-linux-s390x-gnu" "4.34.8"
    "@rollup/rollup-linux-x64-gnu" "4.34.8"
    "@rollup/rollup-linux-x64-musl" "4.34.8"
    "@rollup/rollup-win32-arm64-msvc" "4.34.8"
    "@rollup/rollup-win32-ia32-msvc" "4.34.8"
    "@rollup/rollup-win32-x64-msvc" "4.34.8"
    fsevents "~2.3.2"

"safer-buffer@>= 2.1.2 < 3.0.0":
  version "2.1.2"
  resolved "https://mirrors.huaweicloud.com/repository/npm/safer-buffer/-/safer-buffer-2.1.2.tgz#44fa161b0187b9549dd84bb91802f9bd8385cd6a"
  integrity sha512-YZo3K82SD7Riyi0E1EQPojLz7kpepnSQI9IyPbHHg1XXXevb5dJI7tpyN2ADxGcQbHG7vcyRHk0cbwqcQriUtg==

sax@^1.2.4:
  version "1.4.1"
  resolved "https://mirrors.huaweicloud.com/repository/npm/sax/-/sax-1.4.1.tgz#44cc8988377f126304d3b3fc1010c733b929ef0f"
  integrity sha512-+aWOz7yVScEGoKNd4PA10LZ8sk0A/z5+nXQG5giUO5rprX9jgYsTdov9qCchZiPIZezbZH+jRut8nPodFAX4Jg==

semver@^5.6.0:
  version "5.7.2"
  resolved "https://mirrors.huaweicloud.com/repository/npm/semver/-/semver-5.7.2.tgz#48d55db737c3287cd4835e17fa13feace1c41ef8"
  integrity sha512-cBznnQ9KjJqU67B52RMC65CMarK2600WFnbkcaiwWq3xy/5haFJlshgnpjovMVJ+Hff49d8GEn0b87C5pDQ10g==

source-map-js@^1.2.0, source-map-js@^1.2.1:
  version "1.2.1"
  resolved "https://mirrors.huaweicloud.com/repository/npm/source-map-js/-/source-map-js-1.2.1.tgz"
  integrity sha512-UXWMKhLOwVKb728IUtQPXxfYU+usdybtUrK/8uGE8CQMvrhOpwvzDBwj0QhSL7MQc7vIsISBG8VQ8+IDQxpfQA==

source-map@~0.6.0:
  version "0.6.1"
  resolved "https://mirrors.huaweicloud.com/repository/npm/source-map/-/source-map-0.6.1.tgz#74722af32e9614e9c287a8d0bbde48b5e2f1a263"
  integrity sha512-UjgapumWlbMhkBgzT7Ykc5YXUT46F0iKu8SGXq0bcwP5dz/h0Plj6enJqjz1Zbq2l5WaqYnrVbwWOWMyF3F47g==

tslib@^2.3.0:
  version "2.8.1"
  resolved "https://mirrors.huaweicloud.com/repository/npm/tslib/-/tslib-2.8.1.tgz#612efe4ed235d567e8aba5f2a5fab70280ade83f"
  integrity sha512-oJFu94HQb+KVduSUQL7wnpmqnfmLsOA/nAh6b6EH0wCEoK0/mPeXU6c3wKDV83MkOuHPRHtSXKKU99IBazS/2w==

typescript@~5.7.2:
  version "5.7.3"
  resolved "https://mirrors.huaweicloud.com/repository/npm/typescript/-/typescript-5.7.3.tgz"
  integrity sha512-84MVSjMEHP+FQRPy3pX9sTVV/INIex71s9TL2Gm5FG/WG1SqXeKyZ0k7/blY/4FdOzI12CBy1vGc4og/eus0fw==

undici-types@~6.20.0:
  version "6.20.0"
  resolved "https://mirrors.huaweicloud.com/repository/npm/undici-types/-/undici-types-6.20.0.tgz"
  integrity sha512-Ny6QZ2Nju20vw1SRHe3d9jVu6gJ+4e3+MMpqu7pqE5HT6WsTSlce++GQmK5UXS8mzV8DSYHrQH+Xrf2jVcuKNg==

vite@^6.1.0:
  version "6.1.0"
  resolved "https://mirrors.huaweicloud.com/repository/npm/vite/-/vite-6.1.0.tgz"
  integrity sha512-RjjMipCKVoR4hVfPY6GQTgveinjNuyLw+qruksLDvA5ktI1150VmcMBKmQaEWJhg/j6Uaf6dNCNA0AfdzUb/hQ==
  dependencies:
    esbuild "^0.24.2"
    postcss "^8.5.1"
    rollup "^4.30.1"
  optionalDependencies:
    fsevents "~2.3.3"

vscode-uri@^3.0.8:
  version "3.1.0"
  resolved "https://mirrors.huaweicloud.com/repository/npm/vscode-uri/-/vscode-uri-3.1.0.tgz"
  integrity sha512-/BpdSx+yCQGnCvecbyXdxHDkuk55/G3xwnC0GqY4gmQ3j+A+g8kzzgB4Nk/SINjqn6+waqw3EgbVF2QKExkRxQ==

vue-router@^4.5.0:
  version "4.5.0"
  resolved "https://mirrors.huaweicloud.com/repository/npm/vue-router/-/vue-router-4.5.0.tgz"
  integrity sha512-HDuk+PuH5monfNuY+ct49mNmkCRK4xJAV9Ts4z9UFc4rzdDnxQLyCMGGc8pKhZhHTVzfanpNwB/lwqevcBwI4w==
  dependencies:
    "@vue/devtools-api" "^6.6.4"

vue-tsc@^2.2.0:
  version "2.2.2"
  resolved "https://mirrors.huaweicloud.com/repository/npm/vue-tsc/-/vue-tsc-2.2.2.tgz"
  integrity sha512-1icPKkxAA5KTAaSwg0wVWdE48EdsH8fgvcbAiqojP4jXKl6LEM3soiW1aG/zrWrFt8Mw1ncG2vG1PvpZpVfehA==
  dependencies:
    "@volar/typescript" "~2.4.11"
    "@vue/language-core" "2.2.2"

vue@^3.5.13:
  version "3.5.13"
  resolved "https://mirrors.huaweicloud.com/repository/npm/vue/-/vue-3.5.13.tgz"
  integrity sha512-wmeiSMxkZCSc+PM2w2VRsOYAZC8GdipNFRTsLSfodVqI9mbejKeXEGr8SckuLnrQPGe3oJN5c3K0vpoU9q/wCQ==
  dependencies:
    "@vue/compiler-dom" "3.5.13"
    "@vue/compiler-sfc" "3.5.13"
    "@vue/runtime-dom" "3.5.13"
    "@vue/server-renderer" "3.5.13"
    "@vue/shared" "3.5.13"
